
Microsoft Visual Studio Solution File, Format Version 12.00
# Visual Studio 15
VisualStudioVersion = 15.0.27703.2047
MinimumVisualStudioVersion = 10.0.40219.1
Project("{FAE04EC0-301F-11D3-BF4B-00C04F79EFBC}") = "NAS.Front.DemoApp", "NAS.Front.DemoApp\NAS.Front.DemoApp.csproj", "{133C008D-1A98-45E2-8C78-B99BBD848517}"
EndProject
Global
	GlobalSection(SolutionConfigurationPlatforms) = preSolution
		Debug|Any CPU = Debug|Any CPU
		Release|Any CPU = Release|Any CPU
	EndGlobalSection
	GlobalSection(ProjectConfigurationPlatforms) = postSolution
		{133C008D-1A98-45E2-8C78-B99BBD848517}.Debug|Any CPU.ActiveCfg = Debug|Any CPU
		{133C008D-1A98-45E2-8C78-B99BBD848517}.Debug|Any CPU.Build.0 = Debug|Any CPU
		{133C008D-1A98-45E2-8C78-B99BBD848517}.Release|Any CPU.ActiveCfg = Release|Any CPU
		{133C008D-1A98-45E2-8C78-B99BBD848517}.Release|Any CPU.Build.0 = Release|Any CPU
	EndGlobalSection
	GlobalSection(SolutionProperties) = preSolution
		HideSolutionNode = FALSE
	EndGlobalSection
	GlobalSection(ExtensibilityGlobals) = postSolution
		SolutionGuid = {D7B40297-2A08-4E71-8B36-2F4C7B95437F}
	EndGlobalSection
EndGlobal
